{
    "_meta": {
        "hash": {
            "sha256": "cfda1f2a16c3dd56aa1d98fdbb9225113632d0b154585a4a9ae98a4f04d3356d"
        },
        "pipfile-spec": 6,
        "requires": {
            "python_version": "3.6"
        },
        "sources": [
            {
                "name": "pypi",
                "url": "https://pypi.org/simple",
                "verify_ssl": true
            }
        ]
    },
    "default": {
        "django": {
            "hashes": [
                "sha256:20111383869ad1b11400c94b0c19d4ab12975316cd058eabd17452e0546169b8",
                "sha256:372faee5b93c92f19e9d65f52b278a1b689d3e3b4a7d9d30db73a78ebc729770"
            ],
            "index": "pypi",
            "version": "==1.11.27"
        },
        "django-admin-sortable2": {
            "hashes": [
                "sha256:003f4c9e1dc28ec3435f907e9bc953a922eea7e1da28a7242644e6dbc3071f2e"
            ],
            "index": "pypi",
            "version": "==0.7.3"
        },
        "django-js-asset": {
            "hashes": [
                "sha256:8ec12017f26eec524cab436c64ae73033368a372970af4cf42d9354fcb166bdd",
                "sha256:c163ae80d2e0b22d8fb598047cd0dcef31f81830e127cfecae278ad574167260"
            ],
            "version": "==1.2.2"
        },
        "django-modeladmin-reorder": {
            "hashes": [
                "sha256:bf42d0dcd184b796b4d6d988c4b4cea7914adfc4430dd9978a8a0199051f189f"
            ],
            "index": "pypi",
            "version": "==0.3.1"
        },
        "django-mptt": {
            "hashes": [
                "sha256:6aaa0268c0d994d77dda501b64257b5d6f1e170fcdfe2f0674f80861dc30c0f4",
                "sha256:feef466f9ba6849d2f1581c94d8550d5554945a8d05a2660da19193140cd8a35"
            ],
            "index": "pypi",
            "version": "==0.9.0"
        },
        "django-tinymce": {
            "hashes": [
                "sha256:a7594f342786834e4f6585334652c6a37f1e11ccbc3ea83ae76b9ff9b3cf590c",
                "sha256:ed1425aa370e20e8b84809feebc2cd42573790cfb74ad19a942affe8f13b9296"
            ],
            "index": "pypi",
            "version": "==2.7.0"
        },
        "pillow": {
            "hashes": [
                "sha256:00fdeb23820f30e43bba78eb9abb00b7a937a655de7760b2e09101d63708b64e",
                "sha256:01f948e8220c85eae1aa1a7f8edddcec193918f933fb07aaebe0bfbbcffefbf1",
                "sha256:08abf39948d4b5017a137be58f1a52b7101700431f0777bec3d897c3949f74e6",
                "sha256:099a61618b145ecb50c6f279666bbc398e189b8bc97544ae32b8fcb49ad6b830",
                "sha256:2c1c61546e73de62747e65807d2cc4980c395d4c5600ecb1f47a650c6fa78c79",
                "sha256:2ed9c4f694861642401f27dc3cb99772be67cd190e84845c749dae0a06c3bfae",
                "sha256:338581b30b908e111be578f0297255f6b57a51358cd16fa0e6f664c9a1f88bff",
                "sha256:38c7d48a21cd06fdeee93987147b9b1c55b73b4cfcbf83240568bfbd5adee447",
                "sha256:43fd026f613c8e48a25eba1a92f4d2ad7f3903c95d8c33a11611a7717d2ab654",
                "sha256:4548236844327a718ce3bb182ab32a16fa2050c61e334e959f554cac052fb0df",
                "sha256:5090857876c58885cfa388dc649e5db30aae98a068c26f3fd0ac9d7d9a4d9572",
                "sha256:5bbba34f97a26a93f5e8dec469ca4ddd712451418add43da946dbaed7f7a98d2",
                "sha256:65a28969a025a0eb4594637b6103201dc4ed2a9508bdab56ac33e43e3081c404",
                "sha256:892bb52b70bd5ea9dbbc3ac44f38e84f5a04e9d8b1bff48159d96cb795b81159",
                "sha256:8a9becd5cbd5062f973bcd2e7bc79483af310222de112b6541f8af1f93a3cc42",
                "sha256:972a7aaeb7c4a2795b52eef52ee991ef040b31009f36deca6207a986607b55f3",
                "sha256:97b119c436bfa96a92ac2ca525f7025836d4d4e64b1c9f9eff8dbaf3ff1d86f3",
                "sha256:9ba37698e242223f8053cc158f130aee046a96feacbeab65893dbe94f5530118",
                "sha256:b1b0e1f626a0f079c0d3696db70132fb1f29aa87c66aecb6501a9b8be64ce9f7",
                "sha256:c14c1224fd1a5be2733530d648a316974dbbb3c946913562c6005a76f21ca042",
                "sha256:c79a8546c48ae6465189e54e3245a97ddf21161e33ff7eaa42787353417bb2b6",
                "sha256:ceb76935ac4ebdf6d7bc845482a4450b284c6ccfb281e34da51d510658ab34d8",
                "sha256:e22bffaad04b4d16e1c091baed7f2733fc1ebb91e0c602abf1b6834d17158b1f",
                "sha256:ec883b8e44d877bda6f94a36313a1c6063f8b1997aa091628ae2f34c7f97c8d5",
                "sha256:f1baa54d50ec031d1a9beb89974108f8f2c0706f49798f4777df879df0e1adb6",
                "sha256:f53a5385932cda1e2c862d89460992911a89768c65d176ff8c50cddca4d29bed"
            ],
            "index": "pypi",
            "version": "==6.2.0"
        },
        "psycopg2": {
            "hashes": [
                "sha256:4212ca404c4445dc5746c0d68db27d2cbfb87b523fe233dc84ecd24062e35677",
                "sha256:47fc642bf6f427805daf52d6e52619fe0637648fe27017062d898f3bf891419d",
                "sha256:72772181d9bad1fa349792a1e7384dde56742c14af2b9986013eb94a240f005b",
                "sha256:8396be6e5ff844282d4d49b81631772f80dabae5658d432202faf101f5283b7c",
                "sha256:893c11064b347b24ecdd277a094413e1954f8a4e8cdaf7ffbe7ca3db87c103f0",
                "sha256:92a07dfd4d7c325dd177548c4134052d4842222833576c8391aab6f74038fc3f",
                "sha256:965c4c93e33e6984d8031f74e51227bd755376a9df6993774fd5b6fb3288b1f4",
                "sha256:9ab75e0b2820880ae24b7136c4d230383e07db014456a476d096591172569c38",
                "sha256:b0845e3bdd4aa18dc2f9b6fb78fbd3d9d371ad167fd6d1b7ad01c0a6cdad4fc6",
                "sha256:dca2d7203f0dfce8ea4b3efd668f8ea65cd2b35112638e488a4c12594015f67b",
                "sha256:ed686e5926929887e2c7ae0a700e32c6129abb798b4ad2b846e933de21508151",
                "sha256:ef6df7e14698e79c59c7ee7cf94cd62e5b869db369ed4b1b8f7b729ea825712a",
                "sha256:f898e5cc0a662a9e12bde6f931263a1bbd350cfb18e1d5336a12927851825bb6"
            ],
            "index": "pypi",
            "version": "==2.8.4"
        },
        "pytz": {
            "hashes": [
                "sha256:1c557d7d0e871de1f5ccd5833f60fb2550652da6be2693c1e02300743d21500d",
                "sha256:b02c06db6cf09c12dd25137e563b31700d3b80fcc4ad23abb7a315f2789819be"
            ],
            "version": "==2019.3"
        },
        "unidecode": {
            "hashes": [
                "sha256:1d7a042116536098d05d599ef2b8616759f02985c85b4fef50c78a5aaf10822a",
                "sha256:2b6aab710c2a1647e928e36d69c21e76b453cd455f4e2621000e54b2a9b8cce8"
            ],
            "index": "pypi",
            "version": "==1.1.1"
        }
    },
    "develop": {
        "asgiref": {
            "hashes": [
                "sha256:7e06d934a7718bf3975acbf87780ba678957b87c7adc056f13b6215d610695a0",
                "sha256:ea448f92fc35a0ef4b1508f53a04c4670255a3f33d22a81c8fc9c872036adbe5"
            ],
            "version": "==3.2.3"
        },
        "django": {
            "hashes": [
                "sha256:20111383869ad1b11400c94b0c19d4ab12975316cd058eabd17452e0546169b8",
                "sha256:372faee5b93c92f19e9d65f52b278a1b689d3e3b4a7d9d30db73a78ebc729770"
            ],
            "index": "pypi",
            "version": "==1.11.27"
        },
        "django-debug-toolbar": {
            "hashes": [
                "sha256:24c157bc6c0e1648e0a6587511ecb1b007a00a354ce716950bff2de12693e7a8",
                "sha256:77cfba1d6e91b9bc3d36dc7dc74a9bb80be351948db5f880f2562a0cbf20b6c5"
            ],
            "index": "pypi",
            "version": "==2.1"
        },
        "freeze": {
            "hashes": [
                "sha256:8174c224667b9e96eea3cc3204bf2b934a452f5f94188c8bcad797699b0a71ef"
            ],
            "index": "pypi",
            "version": "==1.0.10"
        },
        "pytz": {
            "hashes": [
                "sha256:1c557d7d0e871de1f5ccd5833f60fb2550652da6be2693c1e02300743d21500d",
                "sha256:b02c06db6cf09c12dd25137e563b31700d3b80fcc4ad23abb7a315f2789819be"
            ],
            "version": "==2019.3"
        },
        "six": {
            "hashes": [
                "sha256:236bdbdce46e6e6a3d61a337c0f8b763ca1e8717c03b369e87a7ec7ce1319c0a",
                "sha256:8f3cd2e254d8f793e7f3d6d9df77b92252b52637291d0f0da013c76ea2724b6c"
            ],
            "version": "==1.14.0"
        },
        "sqlparse": {
            "hashes": [
                "sha256:40afe6b8d4b1117e7dff5504d7a8ce07d9a1b15aeeade8a2d10f130a834f8177",
                "sha256:7c3dca29c022744e95b547e867cee89f4fce4373f3549ccd8797d8eb52cdb873"
            ],
            "version": "==0.3.0"
        }
    }
}
