# This file is automatically @generated by Poetry 1.5.1 and should not be changed by hand.

[[package]]
name = "atomicwrites"
version = "1.4.1"
description = "Atomic file writes."
optional = false
python-versions = ">=2.7, !=3.0.*, !=3.1.*, !=3.2.*, !=3.3.*"
files = [
    {file = "atomicwrites-1.4.1.tar.gz", hash = "sha256:81b2c9071a49367a7f770170e5eec8cb66567cfbbc8c73d20ce5ca4a8d71cf11"},
]

[[package]]
name = "attrs"
version = "21.4.0"
description = "Classes Without Boilerplate"
optional = false
python-versions = ">=2.7, !=3.0.*, !=3.1.*, !=3.2.*, !=3.3.*, !=3.4.*"
files = [
    {file = "attrs-21.4.0-py2.py3-none-any.whl", hash = "sha256:2d27e3784d7a565d36ab851fe94887c5eccd6a463168875832a1be79c82828b4"},
    {file = "attrs-21.4.0.tar.gz", hash = "sha256:626ba8234211db98e869df76230a137c4c40a12d72445c45d5f5b716f076e2fd"},
]

[package.extras]
dev = ["cloudpickle", "coverage[toml] (>=5.0.2)", "furo", "hypothesis", "mypy", "pre-commit", "pympler", "pytest (>=4.3.0)", "pytest-mypy-plugins", "six", "sphinx", "sphinx-notfound-page", "zope.interface"]
docs = ["furo", "sphinx", "sphinx-notfound-page", "zope.interface"]
tests = ["cloudpickle", "coverage[toml] (>=5.0.2)", "hypothesis", "mypy", "pympler", "pytest (>=4.3.0)", "pytest-mypy-plugins", "six", "zope.interface"]
tests-no-zope = ["cloudpickle", "coverage[toml] (>=5.0.2)", "hypothesis", "mypy", "pympler", "pytest (>=4.3.0)", "pytest-mypy-plugins", "six"]

[[package]]
name = "beautifulsoup4"
version = "4.11.1"
description = "Screen-scraping library"
optional = false
python-versions = ">=3.6.0"
files = [
    {file = "beautifulsoup4-4.11.1-py3-none-any.whl", hash = "sha256:58d5c3d29f5a36ffeb94f02f0d786cd53014cf9b3b3951d42e0080d8a9498d30"},
    {file = "beautifulsoup4-4.11.1.tar.gz", hash = "sha256:ad9aa55b65ef2808eb405f46cf74df7fcb7044d5cbc26487f96eb2ef2e436693"},
]

[package.dependencies]
soupsieve = ">1.2"

[package.extras]
html5lib = ["html5lib"]
lxml = ["lxml"]

[[package]]
name = "certifi"
version = "2023.7.22"
description = "Python package for providing Mozilla's CA Bundle."
optional = false
python-versions = ">=3.6"
files = [
    {file = "certifi-2023.7.22-py3-none-any.whl", hash = "sha256:92d6037539857d8206b8f6ae472e8b77db8058fec5937a1ef3f54304089edbb9"},
    {file = "certifi-2023.7.22.tar.gz", hash = "sha256:539cc1d13202e33ca466e88b2807e29f4c13049d6d87031a3c110744495cb082"},
]

[[package]]
name = "chardet"
version = "3.0.4"
description = "Universal encoding detector for Python 2 and 3"
optional = false
python-versions = "*"
files = [
    {file = "chardet-3.0.4-py2.py3-none-any.whl", hash = "sha256:fc323ffcaeaed0e0a02bf4d117757b98aed530d9ed4531e3e15460124c106691"},
    {file = "chardet-3.0.4.tar.gz", hash = "sha256:84ab92ed1c4d4f16916e05906b6b75a6c0fb5db821cc65e70cbd64a3e2a5eaae"},
]

[[package]]
name = "colorama"
version = "0.4.5"
description = "Cross-platform colored terminal text."
optional = false
python-versions = ">=2.7, !=3.0.*, !=3.1.*, !=3.2.*, !=3.3.*, !=3.4.*"
files = [
    {file = "colorama-0.4.5-py2.py3-none-any.whl", hash = "sha256:854bf444933e37f5824ae7bfc1e98d5bce2ebe4160d46b5edf346a89358e99da"},
    {file = "colorama-0.4.5.tar.gz", hash = "sha256:e6c6b4334fc50988a639d9b98aa429a0b57da6e17b9a44f0451f930b6967b7a4"},
]

[[package]]
name = "django"
version = "1.11.29"
description = "A high-level Python Web framework that encourages rapid development and clean, pragmatic design."
optional = false
python-versions = "*"
files = [
    {file = "Django-1.11.29-py2.py3-none-any.whl", hash = "sha256:014e3392058d94f40569206a24523ce254d55ad2f9f46c6550b0fe2e4f94cf3f"},
    {file = "Django-1.11.29.tar.gz", hash = "sha256:4200aefb6678019a0acf0005cd14cfce3a5e6b9b90d06145fcdd2e474ad4329c"},
]

[package.dependencies]
pytz = "*"

[package.extras]
argon2 = ["argon2-cffi (>=16.1.0)"]
bcrypt = ["bcrypt"]

[[package]]
name = "django-admin-list-filter-dropdown"
version = "1.0.3"
description = "Use dropdowns in Django admin list filter"
optional = false
python-versions = "*"
files = [
    {file = "django-admin-list-filter-dropdown-1.0.3.tar.gz", hash = "sha256:07cd37b6a9be1b08f11d4a92957c69b67bc70b1f87a2a7d4ae886c93ea51eb53"},
    {file = "django_admin_list_filter_dropdown-1.0.3-py3-none-any.whl", hash = "sha256:bf1b48bab9772dad79db71efef17e78782d4f2421444d5e49bb10e0da71cd6bb"},
]

[[package]]
name = "django-admin-sortable2"
version = "0.7.3"
description = "Generic drag-and-drop sorting for the List, the Stacked- and the Tabular-Inlines Views in the Django Admin"
optional = false
python-versions = "*"
files = [
    {file = "django-admin-sortable2-0.7.3.tar.gz", hash = "sha256:003f4c9e1dc28ec3435f907e9bc953a922eea7e1da28a7242644e6dbc3071f2e"},
]

[package.dependencies]
Django = ">=1.8,<3"

[[package]]
name = "django-filter"
version = "2.2.0"
description = "Django-filter is a reusable Django application for allowing users to filter querysets dynamically."
optional = false
python-versions = ">=3.4"
files = [
    {file = "django-filter-2.2.0.tar.gz", hash = "sha256:c3deb57f0dd7ff94d7dce52a047516822013e2b441bed472b722a317658cfd14"},
    {file = "django_filter-2.2.0-py3-none-any.whl", hash = "sha256:558c727bce3ffa89c4a7a0b13bc8976745d63e5fd576b3a9a851650ef11c401b"},
]

[package.dependencies]
Django = ">=1.11"

[[package]]
name = "django-js-asset"
version = "1.2.3"
description = "script tag with additional attributes for django.forms.Media"
optional = false
python-versions = "*"
files = [
    {file = "django-js-asset-1.2.3.tar.gz", hash = "sha256:25811cd67428ebdc5298661a2223a66b39c11696746a06f87f0896b93e1c5423"},
    {file = "django_js_asset-1.2.3-py2.py3-none-any.whl", hash = "sha256:4675015a390fd1f3937e79f7f516d58ab77572b0339c6873807555d6443fa9f8"},
]

[[package]]
name = "django-modeladmin-reorder"
version = "0.3.1"
description = "Custom ordering for the apps and models in the admin app."
optional = false
python-versions = "*"
files = [
    {file = "django-modeladmin-reorder-0.3.1.tar.gz", hash = "sha256:bf42d0dcd184b796b4d6d988c4b4cea7914adfc4430dd9978a8a0199051f189f"},
]

[package.dependencies]
django = "*"

[[package]]
name = "django-mptt"
version = "0.9.0"
description = "Utilities for implementing Modified Preorder Tree Traversal with your Django Models and working with trees of Model instances."
optional = false
python-versions = "*"
files = [
    {file = "django-mptt-0.9.0.tar.gz", hash = "sha256:feef466f9ba6849d2f1581c94d8550d5554945a8d05a2660da19193140cd8a35"},
    {file = "django_mptt-0.9.0-py2.py3-none-any.whl", hash = "sha256:6aaa0268c0d994d77dda501b64257b5d6f1e170fcdfe2f0674f80861dc30c0f4"},
]

[package.dependencies]
django-js-asset = "*"

[[package]]
name = "django-tinymce"
version = "2.7.0"
description = "A Django application that contains a widget to render a form field as a TinyMCE editor."
optional = false
python-versions = "*"
files = [
    {file = "django-tinymce-2.7.0.tar.gz", hash = "sha256:a7594f342786834e4f6585334652c6a37f1e11ccbc3ea83ae76b9ff9b3cf590c"},
    {file = "django_tinymce-2.7.0-py2.py3-none-any.whl", hash = "sha256:ed1425aa370e20e8b84809feebc2cd42573790cfb74ad19a942affe8f13b9296"},
]

[[package]]
name = "djangorestframework"
version = "3.11.2"
description = "Web APIs for Django, made easy."
optional = false
python-versions = ">=3.5"
files = [
    {file = "djangorestframework-3.11.2-py3-none-any.whl", hash = "sha256:5cc724dc4b076463497837269107e1995b1fbc917468d1b92d188fd1af9ea789"},
    {file = "djangorestframework-3.11.2.tar.gz", hash = "sha256:a5967b68a04e0d97d10f4df228e30f5a2d82ba63b9d03e1759f84993b7bf1b53"},
]

[package.dependencies]
django = ">=1.11"

[[package]]
name = "gunicorn"
version = "20.0.4"
description = "WSGI HTTP Server for UNIX"
optional = false
python-versions = ">=3.4"
files = [
    {file = "gunicorn-20.0.4-py2.py3-none-any.whl", hash = "sha256:cd4a810dd51bf497552cf3f863b575dabd73d6ad6a91075b65936b151cbf4f9c"},
    {file = "gunicorn-20.0.4.tar.gz", hash = "sha256:1904bb2b8a43658807108d59c3f3d56c2b6121a701161de0ddf9ad140073c626"},
]

[package.dependencies]
setuptools = ">=3.0"

[package.extras]
eventlet = ["eventlet (>=0.9.7)"]
gevent = ["gevent (>=0.13)"]
setproctitle = ["setproctitle"]
tornado = ["tornado (>=0.2)"]

[[package]]
name = "idna"
version = "2.10"
description = "Internationalized Domain Names in Applications (IDNA)"
optional = false
python-versions = ">=2.7, !=3.0.*, !=3.1.*, !=3.2.*, !=3.3.*"
files = [
    {file = "idna-2.10-py2.py3-none-any.whl", hash = "sha256:b97d804b1e9b523befed77c48dacec60e6dcb0b5391d57af6a65a312a90648c0"},
    {file = "idna-2.10.tar.gz", hash = "sha256:b307872f855b18632ce0c21c5e45be78c0ea7ae4c15c828c20788b26921eb3f6"},
]

[[package]]
name = "iniconfig"
version = "1.1.1"
description = "iniconfig: brain-dead simple config-ini parsing"
optional = false
python-versions = "*"
files = [
    {file = "iniconfig-1.1.1-py2.py3-none-any.whl", hash = "sha256:011e24c64b7f47f6ebd835bb12a743f2fbe9a26d4cecaa7f53bc4f35ee9da8b3"},
    {file = "iniconfig-1.1.1.tar.gz", hash = "sha256:bc3af051d7d14b2ee5ef9969666def0cd1a000e121eaea580d4a313df4b37f32"},
]

[[package]]
name = "packaging"
version = "21.3"
description = "Core utilities for Python packages"
optional = false
python-versions = ">=3.6"
files = [
    {file = "packaging-21.3-py3-none-any.whl", hash = "sha256:ef103e05f519cdc783ae24ea4e2e0f508a9c99b2d4969652eed6a2e1ea5bd522"},
    {file = "packaging-21.3.tar.gz", hash = "sha256:dd47c42927d89ab911e606518907cc2d3a1f38bbd026385970643f9c5b8ecfeb"},
]

[package.dependencies]
pyparsing = ">=2.0.2,<3.0.5 || >3.0.5"

[[package]]
name = "pillow"
version = "7.1.2"
description = "Python Imaging Library (Fork)"
optional = false
python-versions = ">=3.5"
files = [
    {file = "Pillow-7.1.2-cp35-cp35m-macosx_10_10_intel.whl", hash = "sha256:ae2b270f9a0b8822b98655cb3a59cdb1bd54a34807c6c56b76dd2e786c3b7db3"},
    {file = "Pillow-7.1.2-cp35-cp35m-manylinux1_i686.whl", hash = "sha256:d23e2aa9b969cf9c26edfb4b56307792b8b374202810bd949effd1c6e11ebd6d"},
    {file = "Pillow-7.1.2-cp35-cp35m-manylinux1_x86_64.whl", hash = "sha256:b532bcc2f008e96fd9241177ec580829dee817b090532f43e54074ecffdcd97f"},
    {file = "Pillow-7.1.2-cp35-cp35m-win32.whl", hash = "sha256:12e4bad6bddd8546a2f9771485c7e3d2b546b458ae8ff79621214119ac244523"},
    {file = "Pillow-7.1.2-cp35-cp35m-win_amd64.whl", hash = "sha256:9744350687459234867cbebfe9df8f35ef9e1538f3e729adbd8fde0761adb705"},
    {file = "Pillow-7.1.2-cp36-cp36m-macosx_10_10_x86_64.whl", hash = "sha256:f54be399340aa602066adb63a86a6a5d4f395adfdd9da2b9a0162ea808c7b276"},
    {file = "Pillow-7.1.2-cp36-cp36m-manylinux1_i686.whl", hash = "sha256:1f694e28c169655c50bb89a3fa07f3b854d71eb47f50783621de813979ba87f3"},
    {file = "Pillow-7.1.2-cp36-cp36m-manylinux1_x86_64.whl", hash = "sha256:f784aad988f12c80aacfa5b381ec21fd3f38f851720f652b9f33facc5101cf4d"},
    {file = "Pillow-7.1.2-cp36-cp36m-win32.whl", hash = "sha256:b37bb3bd35edf53125b0ff257822afa6962649995cbdfde2791ddb62b239f891"},
    {file = "Pillow-7.1.2-cp36-cp36m-win_amd64.whl", hash = "sha256:b67a6c47ed963c709ed24566daa3f95a18f07d3831334da570c71da53d97d088"},
    {file = "Pillow-7.1.2-cp37-cp37m-macosx_10_10_x86_64.whl", hash = "sha256:eaa83729eab9c60884f362ada982d3a06beaa6cc8b084cf9f76cae7739481dfa"},
    {file = "Pillow-7.1.2-cp37-cp37m-manylinux1_i686.whl", hash = "sha256:f46e0e024346e1474083c729d50de909974237c72daca05393ee32389dabe457"},
    {file = "Pillow-7.1.2-cp37-cp37m-manylinux1_x86_64.whl", hash = "sha256:0e2a3bceb0fd4e0cb17192ae506d5f082b309ffe5fc370a5667959c9b2f85fa3"},
    {file = "Pillow-7.1.2-cp37-cp37m-win32.whl", hash = "sha256:ccc9ad2460eb5bee5642eaf75a0438d7f8887d484490d5117b98edd7f33118b7"},
    {file = "Pillow-7.1.2-cp37-cp37m-win_amd64.whl", hash = "sha256:b943e71c2065ade6fef223358e56c167fc6ce31c50bc7a02dd5c17ee4338e8ac"},
    {file = "Pillow-7.1.2-cp38-cp38-macosx_10_10_x86_64.whl", hash = "sha256:04766c4930c174b46fd72d450674612ab44cca977ebbcc2dde722c6933290107"},
    {file = "Pillow-7.1.2-cp38-cp38-manylinux1_i686.whl", hash = "sha256:f455efb7a98557412dc6f8e463c1faf1f1911ec2432059fa3e582b6000fc90e2"},
    {file = "Pillow-7.1.2-cp38-cp38-manylinux1_x86_64.whl", hash = "sha256:ee94fce8d003ac9fd206496f2707efe9eadcb278d94c271f129ab36aa7181344"},
    {file = "Pillow-7.1.2-cp38-cp38-win32.whl", hash = "sha256:4b02b9c27fad2054932e89f39703646d0c543f21d3cc5b8e05434215121c28cd"},
    {file = "Pillow-7.1.2-cp38-cp38-win_amd64.whl", hash = "sha256:3d25dd8d688f7318dca6d8cd4f962a360ee40346c15893ae3b95c061cdbc4079"},
    {file = "Pillow-7.1.2-pp373-pypy36_pp73-win32.whl", hash = "sha256:0f01e63c34f0e1e2580cc0b24e86a5ccbbfa8830909a52ee17624c4193224cd9"},
    {file = "Pillow-7.1.2.tar.gz", hash = "sha256:a0b49960110bc6ff5fead46013bcb8825d101026d466f3a4de3476defe0fb0dd"},
]

[[package]]
name = "pluggy"
version = "1.0.0"
description = "plugin and hook calling mechanisms for python"
optional = false
python-versions = ">=3.6"
files = [
    {file = "pluggy-1.0.0-py2.py3-none-any.whl", hash = "sha256:74134bbf457f031a36d68416e1509f34bd5ccc019f0bcc952c7b909d06b37bd3"},
    {file = "pluggy-1.0.0.tar.gz", hash = "sha256:4224373bacce55f955a878bf9cfa763c1e360858e330072059e10bad68531159"},
]

[package.extras]
dev = ["pre-commit", "tox"]
testing = ["pytest", "pytest-benchmark"]

[[package]]
name = "psycopg2"
version = "2.8.5"
description = "psycopg2 - Python-PostgreSQL Database Adapter"
optional = false
python-versions = ">=2.7,!=3.0.*,!=3.1.*,!=3.2.*,!=3.3.*"
files = [
    {file = "psycopg2-2.8.5-cp27-cp27m-win32.whl", hash = "sha256:a0984ff49e176062fcdc8a5a2a670c9bb1704a2f69548bce8f8a7bad41c661bf"},
    {file = "psycopg2-2.8.5-cp27-cp27m-win_amd64.whl", hash = "sha256:acf56d564e443e3dea152efe972b1434058244298a94348fc518d6dd6a9fb0bb"},
    {file = "psycopg2-2.8.5-cp34-cp34m-win32.whl", hash = "sha256:440a3ea2c955e89321a138eb7582aa1d22fe286c7d65e26a2c5411af0a88ae72"},
    {file = "psycopg2-2.8.5-cp34-cp34m-win_amd64.whl", hash = "sha256:6b306dae53ec7f4f67a10942cf8ac85de930ea90e9903e2df4001f69b7833f7e"},
    {file = "psycopg2-2.8.5-cp35-cp35m-win32.whl", hash = "sha256:d3b29d717d39d3580efd760a9a46a7418408acebbb784717c90d708c9ed5f055"},
    {file = "psycopg2-2.8.5-cp35-cp35m-win_amd64.whl", hash = "sha256:6a471d4d2a6f14c97a882e8d3124869bc623f3df6177eefe02994ea41fd45b52"},
    {file = "psycopg2-2.8.5-cp36-cp36m-win32.whl", hash = "sha256:27c633f2d5db0fc27b51f1b08f410715b59fa3802987aec91aeb8f562724e95c"},
    {file = "psycopg2-2.8.5-cp36-cp36m-win_amd64.whl", hash = "sha256:2df2bf1b87305bd95eb3ac666ee1f00a9c83d10927b8144e8e39644218f4cf81"},
    {file = "psycopg2-2.8.5-cp37-cp37m-win32.whl", hash = "sha256:ac5b23d0199c012ad91ed1bbb971b7666da651c6371529b1be8cbe2a7bf3c3a9"},
    {file = "psycopg2-2.8.5-cp37-cp37m-win_amd64.whl", hash = "sha256:2c0afb40cfb4d53487ee2ebe128649028c9a78d2476d14a67781e45dc287f080"},
    {file = "psycopg2-2.8.5-cp38-cp38-win32.whl", hash = "sha256:2327bf42c1744a434ed8ed0bbaa9168cac7ee5a22a9001f6fc85c33b8a4a14b7"},
    {file = "psycopg2-2.8.5-cp38-cp38-win_amd64.whl", hash = "sha256:132efc7ee46a763e68a815f4d26223d9c679953cd190f1f218187cb60decf535"},
    {file = "psycopg2-2.8.5.tar.gz", hash = "sha256:f7d46240f7a1ae1dd95aab38bd74f7428d46531f69219954266d669da60c0818"},
]

[[package]]
name = "py"
version = "1.11.0"
description = "library with cross-python path, ini-parsing, io, code, log facilities"
optional = false
python-versions = ">=2.7, !=3.0.*, !=3.1.*, !=3.2.*, !=3.3.*, !=3.4.*"
files = [
    {file = "py-1.11.0-py2.py3-none-any.whl", hash = "sha256:607c53218732647dff4acdfcd50cb62615cedf612e72d1724fb1a0cc6405b378"},
    {file = "py-1.11.0.tar.gz", hash = "sha256:51c75c4126074b472f746a24399ad32f6053d1b34b68d2fa41e558e6f4a98719"},
]

[[package]]
name = "pyenchant"
version = "3.2.1"
description = "Python bindings for the Enchant spellchecking system"
optional = false
python-versions = ">=3.5"
files = [
    {file = "pyenchant-3.2.1-py3-none-any.whl", hash = "sha256:e8546c28b630f6d9f76642166656e337df2a1849cbef2b8ee198e7f64266f4ee"},
    {file = "pyenchant-3.2.1-py3-none-win32.whl", hash = "sha256:49e0b255bef9356f57eeeee1d983ffa8599c0a46727d55cddbc71ec26226ca80"},
    {file = "pyenchant-3.2.1-py3-none-win_amd64.whl", hash = "sha256:37c79e1dab492092fe8135222b2ba404c1b79595b459af9edaeddb77a2cb89a5"},
    {file = "pyenchant-3.2.1.tar.gz", hash = "sha256:5e206a1d6596904a922496f6c9f7d0b964b243905f401f5f2f40ea4d1f74e2cf"},
]

[[package]]
name = "pyparsing"
version = "3.0.9"
description = "pyparsing module - Classes and methods to define and execute parsing grammars"
optional = false
python-versions = ">=3.6.8"
files = [
    {file = "pyparsing-3.0.9-py3-none-any.whl", hash = "sha256:5026bae9a10eeaefb61dab2f09052b9f4307d44aee4eda64b309723d8d206bbc"},
    {file = "pyparsing-3.0.9.tar.gz", hash = "sha256:2b020ecf7d21b687f219b71ecad3631f644a47f01403fa1d1036b0c6416d70fb"},
]

[package.extras]
diagrams = ["jinja2", "railroad-diagrams"]

[[package]]
name = "pytest"
version = "7.1.2"
description = "pytest: simple powerful testing with Python"
optional = false
python-versions = ">=3.7"
files = [
    {file = "pytest-7.1.2-py3-none-any.whl", hash = "sha256:13d0e3ccfc2b6e26be000cb6568c832ba67ba32e719443bfe725814d3c42433c"},
    {file = "pytest-7.1.2.tar.gz", hash = "sha256:a06a0425453864a270bc45e71f783330a7428defb4230fb5e6a731fde06ecd45"},
]

[package.dependencies]
atomicwrites = {version = ">=1.0", markers = "sys_platform == \"win32\""}
attrs = ">=19.2.0"
colorama = {version = "*", markers = "sys_platform == \"win32\""}
iniconfig = "*"
packaging = "*"
pluggy = ">=0.12,<2.0"
py = ">=1.8.2"
tomli = ">=1.0.0"

[package.extras]
testing = ["argcomplete", "hypothesis (>=3.56)", "mock", "nose", "pygments (>=2.7.2)", "requests", "xmlschema"]

[[package]]
name = "python-memcached"
version = "1.59"
description = "Pure python memcached client"
optional = false
python-versions = "*"
files = [
    {file = "python-memcached-1.59.tar.gz", hash = "sha256:a2e28637be13ee0bf1a8b6843e7490f9456fd3f2a4cb60471733c7b5d5557e4f"},
    {file = "python_memcached-1.59-py2.py3-none-any.whl", hash = "sha256:4dac64916871bd3550263323fc2ce18e1e439080a2d5670c594cf3118d99b594"},
]

[package.dependencies]
six = ">=1.4.0"

[[package]]
name = "pytz"
version = "2021.3"
description = "World timezone definitions, modern and historical"
optional = false
python-versions = "*"
files = [
    {file = "pytz-2021.3-py2.py3-none-any.whl", hash = "sha256:3672058bc3453457b622aab7a1c3bfd5ab0bdae451512f6cf25f64ed37f5b87c"},
    {file = "pytz-2021.3.tar.gz", hash = "sha256:acad2d8b20a1af07d4e4c9d2e9285c5ed9104354062f275f3fcd88dcef4f1326"},
]

[[package]]
name = "requests"
version = "2.24.0"
description = "Python HTTP for Humans."
optional = false
python-versions = ">=2.7, !=3.0.*, !=3.1.*, !=3.2.*, !=3.3.*, !=3.4.*"
files = [
    {file = "requests-2.24.0-py2.py3-none-any.whl", hash = "sha256:fe75cc94a9443b9246fc7049224f75604b113c36acb93f87b80ed42c44cbb898"},
    {file = "requests-2.24.0.tar.gz", hash = "sha256:b3559a131db72c33ee969480840fff4bb6dd111de7dd27c8ee1f820f4f00231b"},
]

[package.dependencies]
certifi = ">=2017.4.17"
chardet = ">=3.0.2,<4"
idna = ">=2.5,<3"
urllib3 = ">=1.21.1,<1.25.0 || >1.25.0,<1.25.1 || >1.25.1,<1.26"

[package.extras]
security = ["cryptography (>=1.3.4)", "pyOpenSSL (>=0.14)"]
socks = ["PySocks (>=1.5.6,!=1.5.7)", "win-inet-pton"]

[[package]]
name = "setuptools"
version = "68.0.0"
description = "Easily download, build, install, upgrade, and uninstall Python packages"
optional = false
python-versions = ">=3.7"
files = [
    {file = "setuptools-68.0.0-py3-none-any.whl", hash = "sha256:11e52c67415a381d10d6b462ced9cfb97066179f0e871399e006c4ab101fc85f"},
    {file = "setuptools-68.0.0.tar.gz", hash = "sha256:baf1fdb41c6da4cd2eae722e135500da913332ab3f2f5c7d33af9b492acb5235"},
]

[package.extras]
docs = ["furo", "jaraco.packaging (>=9)", "jaraco.tidelift (>=1.4)", "pygments-github-lexers (==0.0.5)", "rst.linker (>=1.9)", "sphinx (>=3.5)", "sphinx-favicon", "sphinx-hoverxref (<2)", "sphinx-inline-tabs", "sphinx-lint", "sphinx-notfound-page (==0.8.3)", "sphinx-reredirects", "sphinxcontrib-towncrier"]
testing = ["build[virtualenv]", "filelock (>=3.4.0)", "flake8-2020", "ini2toml[lite] (>=0.9)", "jaraco.envs (>=2.2)", "jaraco.path (>=3.2.0)", "pip (>=19.1)", "pip-run (>=8.8)", "pytest (>=6)", "pytest-black (>=0.3.7)", "pytest-checkdocs (>=2.4)", "pytest-cov", "pytest-enabler (>=1.3)", "pytest-mypy (>=0.9.1)", "pytest-perf", "pytest-ruff", "pytest-timeout", "pytest-xdist", "tomli-w (>=1.0.0)", "virtualenv (>=13.0.0)", "wheel"]
testing-integration = ["build[virtualenv]", "filelock (>=3.4.0)", "jaraco.envs (>=2.2)", "jaraco.path (>=3.2.0)", "pytest", "pytest-enabler", "pytest-xdist", "tomli", "virtualenv (>=13.0.0)", "wheel"]

[[package]]
name = "six"
version = "1.16.0"
description = "Python 2 and 3 compatibility utilities"
optional = false
python-versions = ">=2.7, !=3.0.*, !=3.1.*, !=3.2.*"
files = [
    {file = "six-1.16.0-py2.py3-none-any.whl", hash = "sha256:8abb2f1d86890a2dfb989f9a77cfcfd3e47c2a354b01111771326f8aa26e0254"},
    {file = "six-1.16.0.tar.gz", hash = "sha256:1e61c37477a1626458e36f7b1d82aa5c9b094fa4802892072e49de9c60c4c926"},
]

[[package]]
name = "soupsieve"
version = "2.3.2.post1"
description = "A modern CSS selector implementation for Beautiful Soup."
optional = false
python-versions = ">=3.6"
files = [
    {file = "soupsieve-2.3.2.post1-py3-none-any.whl", hash = "sha256:3b2503d3c7084a42b1ebd08116e5f81aadfaea95863628c80a3b774a11b7c759"},
    {file = "soupsieve-2.3.2.post1.tar.gz", hash = "sha256:fc53893b3da2c33de295667a0e19f078c14bf86544af307354de5fcf12a3f30d"},
]

[[package]]
name = "tomli"
version = "2.0.1"
description = "A lil' TOML parser"
optional = false
python-versions = ">=3.7"
files = [
    {file = "tomli-2.0.1-py3-none-any.whl", hash = "sha256:939de3e7a6161af0c887ef91b7d41a53e7c5a1ca976325f429cb46ea9bc30ecc"},
    {file = "tomli-2.0.1.tar.gz", hash = "sha256:de526c12914f0c550d15924c62d72abc48d6fe7364aa87328337a31007fe8a4f"},
]

[[package]]
name = "unidecode"
version = "1.1.1"
description = "ASCII transliterations of Unicode text"
optional = false
python-versions = ">=2.7, !=3.0.*, !=3.1.*, !=3.2.*, !=3.3.*"
files = [
    {file = "Unidecode-1.1.1-py2.py3-none-any.whl", hash = "sha256:1d7a042116536098d05d599ef2b8616759f02985c85b4fef50c78a5aaf10822a"},
    {file = "Unidecode-1.1.1.tar.gz", hash = "sha256:2b6aab710c2a1647e928e36d69c21e76b453cd455f4e2621000e54b2a9b8cce8"},
]

[[package]]
name = "urllib3"
version = "1.25.11"
description = "HTTP library with thread-safe connection pooling, file post, and more."
optional = false
python-versions = ">=2.7, !=3.0.*, !=3.1.*, !=3.2.*, !=3.3.*, !=3.4.*, <4"
files = [
    {file = "urllib3-1.25.11-py2.py3-none-any.whl", hash = "sha256:f5321fbe4bf3fefa0efd0bfe7fb14e90909eb62a48ccda331726b4319897dd5e"},
    {file = "urllib3-1.25.11.tar.gz", hash = "sha256:8d7eaa5a82a1cac232164990f04874c594c9453ec55eef02eab885aa02fc17a2"},
]

[package.extras]
brotli = ["brotlipy (>=0.6.0)"]
secure = ["certifi", "cryptography (>=1.3.4)", "idna (>=2.0.0)", "ipaddress", "pyOpenSSL (>=0.14)"]
socks = ["PySocks (>=1.5.6,!=1.5.7,<2.0)"]

[metadata]
lock-version = "2.0"
python-versions = "3.8.*"
content-hash = "8cf94f6dee2dc8935cbe7f565ae0afc254b48c9c42cd8c745841bf4dad809cf7"
